
Microsoft Visual Studio Solution File, Format Version 11.00
# Visual Studio 2012
Project("{E24C65DC-7377-472B-9ABA-BC803B73C61A}") = "Website", ".", "{D875B8F5-3A0D-4555-BC84-019183424CA9}"
	ProjectSection(WebsiteProperties) = preProject
		TargetFrameworkMoniker = ".NETFramework,Version%3Dv4.0"
		Debug.AspNetCompiler.VirtualPath = "/HowToRts"
		Debug.AspNetCompiler.PhysicalPath = "..\HowToRts\"
		Debug.AspNetCompiler.TargetPath = "..\..\..\temp\HowToRts\"
		Debug.AspNetCompiler.Updateable = "false"
		Debug.AspNetCompiler.ForceOverwrite = "true"
		Debug.AspNetCompiler.FixedNames = "false"
		Debug.AspNetCompiler.Debug = "True"
		Release.AspNetCompiler.VirtualPath = "/HowToRts"
		Release.AspNetCompiler.PhysicalPath = "..\HowToRts\"
		Release.AspNetCompiler.TargetPath = "..\..\..\temp\HowToRts\"
		Release.AspNetCompiler.Updateable = "false"
		Release.AspNetCompiler.ForceOverwrite = "true"
		Release.AspNetCompiler.FixedNames = "false"
		Release.AspNetCompiler.Debug = "False"
		VWDPort = "52738"
		VWDDynamicPort = "true"
		VWDVirtualPath = "/"
	EndProjectSection
EndProject
Global
	GlobalSection(SolutionConfigurationPlatforms) = preSolution
		Debug|.NET = Debug|.NET
	EndGlobalSection
	GlobalSection(ProjectConfigurationPlatforms) = postSolution
		{D875B8F5-3A0D-4555-BC84-019183424CA9}.Debug|.NET.ActiveCfg = Debug|Any CPU
	EndGlobalSection
	GlobalSection(SolutionProperties) = preSolution
		HideSolutionNode = FALSE
	EndGlobalSection
EndGlobal
